
Microsoft Visual Studio Solution File, Format Version 12.00
# Visual Studio Version 16
VisualStudioVersion = 16.0.31306.274
MinimumVisualStudioVersion = 10.0.40219.1
Project("{FAE04EC0-301F-11D3-BF4B-00C04F79EFBC}") = "XFluent.UWP", "XFluent.UWP\XFluent.UWP.csproj", "{C62860AB-7E38-47DD-B234-22CC5966459E}"
EndProject
Project("{FAE04EC0-301F-11D3-BF4B-00C04F79EFBC}") = "XFluent.Android", "XFluent.Android\XFluent.Android.csproj", "{50AD8E12-3ACA-4205-8DCB-F8EA267E055A}"
EndProject
Project("{FAE04EC0-301F-11D3-BF4B-00C04F79EFBC}") = "XFluent.iOS", "XFluent.iOS\XFluent.iOS.csproj", "{F5BBC6F5-4ACE-40DB-814C-82792A45DC17}"
EndProject
Project("{FAE04EC0-301F-11D3-BF4B-00C04F79EFBC}") = "XFluent", "XFluent\XFluent.csproj", "{CE301D9F-0BF5-4EE7-BFA6-CE7284BA7FEB}"
EndProject
Global
	GlobalSection(SolutionConfigurationPlatforms) = preSolution
		Debug|Any CPU = Debug|Any CPU
		Debug|ARM = Debug|ARM
		Debug|iPhone = Debug|iPhone
		Debug|iPhoneSimulator = Debug|iPhoneSimulator
		Debug|x64 = Debug|x64
		Debug|x86 = Debug|x86
		Release|Any CPU = Release|Any CPU
		Release|ARM = Release|ARM
		Release|iPhone = Release|iPhone
		Release|iPhoneSimulator = Release|iPhoneSimulator
		Release|x64 = Release|x64
		Release|x86 = Release|x86
	EndGlobalSection
	GlobalSection(ProjectConfigurationPlatforms) = postSolution
		{C62860AB-7E38-47DD-B234-22CC5966459E}.Debug|Any CPU.ActiveCfg = Debug|x86
		{C62860AB-7E38-47DD-B234-22CC5966459E}.Debug|Any CPU.Build.0 = Debug|x86
		{C62860AB-7E38-47DD-B234-22CC5966459E}.Debug|Any CPU.Deploy.0 = Debug|x86
		{C62860AB-7E38-47DD-B234-22CC5966459E}.Debug|ARM.ActiveCfg = Debug|ARM
		{C62860AB-7E38-47DD-B234-22CC5966459E}.Debug|ARM.Build.0 = Debug|ARM
		{C62860AB-7E38-47DD-B234-22CC5966459E}.Debug|ARM.Deploy.0 = Debug|ARM
		{C62860AB-7E38-47DD-B234-22CC5966459E}.Debug|iPhone.ActiveCfg = Debug|x86
		{C62860AB-7E38-47DD-B234-22CC5966459E}.Debug|iPhone.Build.0 = Debug|x86
		{C62860AB-7E38-47DD-B234-22CC5966459E}.Debug|iPhone.Deploy.0 = Debug|x86
		{C62860AB-7E38-47DD-B234-22CC5966459E}.Debug|iPhoneSimulator.ActiveCfg = Debug|x86
		{C62860AB-7E38-47DD-B234-22CC5966459E}.Debug|iPhoneSimulator.Build.0 = Debug|x86
		{C62860AB-7E38-47DD-B234-22CC5966459E}.Debug|iPhoneSimulator.Deploy.0 = Debug|x86
		{C62860AB-7E38-47DD-B234-22CC5966459E}.Debug|x64.ActiveCfg = Debug|x64
		{C62860AB-7E38-47DD-B234-22CC5966459E}.Debug|x64.Build.0 = Debug|x64
		{C62860AB-7E38-47DD-B234-22CC5966459E}.Debug|x64.Deploy.0 = Debug|x64
		{C62860AB-7E38-47DD-B234-22CC5966459E}.Debug|x86.ActiveCfg = Debug|x86
		{C62860AB-7E38-47DD-B234-22CC5966459E}.Debug|x86.Build.0 = Debug|x86
		{C62860AB-7E38-47DD-B234-22CC5966459E}.Debug|x86.Deploy.0 = Debug|x86
		{C62860AB-7E38-47DD-B234-22CC5966459E}.Release|Any CPU.ActiveCfg = Release|x86
		{C62860AB-7E38-47DD-B234-22CC5966459E}.Release|Any CPU.Build.0 = Release|x86
		{C62860AB-7E38-47DD-B234-22CC5966459E}.Release|Any CPU.Deploy.0 = Release|x86
		{C62860AB-7E38-47DD-B234-22CC5966459E}.Release|ARM.ActiveCfg = Release|ARM
		{C62860AB-7E38-47DD-B234-22CC5966459E}.Release|ARM.Build.0 = Release|ARM
		{C62860AB-7E38-47DD-B234-22CC5966459E}.Release|ARM.Deploy.0 = Release|ARM
		{C62860AB-7E38-47DD-B234-22CC5966459E}.Release|iPhone.ActiveCfg = Release|x86
		{C62860AB-7E38-47DD-B234-22CC5966459E}.Release|iPhone.Build.0 = Release|x86
		{C62860AB-7E38-47DD-B234-22CC5966459E}.Release|iPhone.Deploy.0 = Release|x86
		{C62860AB-7E38-47DD-B234-22CC5966459E}.Release|iPhoneSimulator.ActiveCfg = Release|x86
		{C62860AB-7E38-47DD-B234-22CC5966459E}.Release|iPhoneSimulator.Build.0 = Release|x86
		{C62860AB-7E38-47DD-B234-22CC5966459E}.Release|iPhoneSimulator.Deploy.0 = Release|x86
		{C62860AB-7E38-47DD-B234-22CC5966459E}.Release|x64.ActiveCfg = Release|x64
		{C62860AB-7E38-47DD-B234-22CC5966459E}.Release|x64.Build.0 = Release|x64
		{C62860AB-7E38-47DD-B234-22CC5966459E}.Release|x64.Deploy.0 = Release|x64
		{C62860AB-7E38-47DD-B234-22CC5966459E}.Release|x86.ActiveCfg = Release|x86
		{C62860AB-7E38-47DD-B234-22CC5966459E}.Release|x86.Build.0 = Release|x86
		{C62860AB-7E38-47DD-B234-22CC5966459E}.Release|x86.Deploy.0 = Release|x86
		{50AD8E12-3ACA-4205-8DCB-F8EA267E055A}.Debug|Any CPU.ActiveCfg = Debug|Any CPU
		{50AD8E12-3ACA-4205-8DCB-F8EA267E055A}.Debug|Any CPU.Build.0 = Debug|Any CPU
		{50AD8E12-3ACA-4205-8DCB-F8EA267E055A}.Debug|Any CPU.Deploy.0 = Debug|Any CPU
		{50AD8E12-3ACA-4205-8DCB-F8EA267E055A}.Debug|ARM.ActiveCfg = Debug|Any CPU
		{50AD8E12-3ACA-4205-8DCB-F8EA267E055A}.Debug|ARM.Build.0 = Debug|Any CPU
		{50AD8E12-3ACA-4205-8DCB-F8EA267E055A}.Debug|ARM.Deploy.0 = Debug|Any CPU
		{50AD8E12-3ACA-4205-8DCB-F8EA267E055A}.Debug|iPhone.ActiveCfg = Debug|Any CPU
		{50AD8E12-3ACA-4205-8DCB-F8EA267E055A}.Debug|iPhone.Build.0 = Debug|Any CPU
		{50AD8E12-3ACA-4205-8DCB-F8EA267E055A}.Debug|iPhone.Deploy.0 = Debug|Any CPU
		{50AD8E12-3ACA-4205-8DCB-F8EA267E055A}.Debug|iPhoneSimulator.ActiveCfg = Debug|Any CPU
		{50AD8E12-3ACA-4205-8DCB-F8EA267E055A}.Debug|iPhoneSimulator.Build.0 = Debug|Any CPU
		{50AD8E12-3ACA-4205-8DCB-F8EA267E055A}.Debug|iPhoneSimulator.Deploy.0 = Debug|Any CPU
		{50AD8E12-3ACA-4205-8DCB-F8EA267E055A}.Debug|x64.ActiveCfg = Debug|Any CPU
		{50AD8E12-3ACA-4205-8DCB-F8EA267E055A}.Debug|x64.Build.0 = Debug|Any CPU
		{50AD8E12-3ACA-4205-8DCB-F8EA267E055A}.Debug|x64.Deploy.0 = Debug|Any CPU
		{50AD8E12-3ACA-4205-8DCB-F8EA267E055A}.Debug|x86.ActiveCfg = Debug|Any CPU
		{50AD8E12-3ACA-4205-8DCB-F8EA267E055A}.Debug|x86.Build.0 = Debug|Any CPU
		{50AD8E12-3ACA-4205-8DCB-F8EA267E055A}.Debug|x86.Deploy.0 = Debug|Any CPU
		{50AD8E12-3ACA-4205-8DCB-F8EA267E055A}.Release|Any CPU.ActiveCfg = Release|Any CPU
		{50AD8E12-3ACA-4205-8DCB-F8EA267E055A}.Release|Any CPU.Build.0 = Release|Any CPU
		{50AD8E12-3ACA-4205-8DCB-F8EA267E055A}.Release|Any CPU.Deploy.0 = Release|Any CPU
		{50AD8E12-3ACA-4205-8DCB-F8EA267E055A}.Release|ARM.ActiveCfg = Release|Any CPU
		{50AD8E12-3ACA-4205-8DCB-F8EA267E055A}.Release|ARM.Build.0 = Release|Any CPU
		{50AD8E12-3ACA-4205-8DCB-F8EA267E055A}.Release|ARM.Deploy.0 = Release|Any CPU
		{50AD8E12-3ACA-4205-8DCB-F8EA267E055A}.Release|iPhone.ActiveCfg = Release|Any CPU
		{50AD8E12-3ACA-4205-8DCB-F8EA267E055A}.Release|iPhone.Build.0 = Release|Any CPU
		{50AD8E12-3ACA-4205-8DCB-F8EA267E055A}.Release|iPhone.Deploy.0 = Release|Any CPU
		{50AD8E12-3ACA-4205-8DCB-F8EA267E055A}.Release|iPhoneSimulator.ActiveCfg = Release|Any CPU
		{50AD8E12-3ACA-4205-8DCB-F8EA267E055A}.Release|iPhoneSimulator.Build.0 = Release|Any CPU
		{50AD8E12-3ACA-4205-8DCB-F8EA267E055A}.Release|iPhoneSimulator.Deploy.0 = Release|Any CPU
		{50AD8E12-3ACA-4205-8DCB-F8EA267E055A}.Release|x64.ActiveCfg = Release|Any CPU
		{50AD8E12-3ACA-4205-8DCB-F8EA267E055A}.Release|x64.Build.0 = Release|Any CPU
		{50AD8E12-3ACA-4205-8DCB-F8EA267E055A}.Release|x64.Deploy.0 = Release|Any CPU
		{50AD8E12-3ACA-4205-8DCB-F8EA267E055A}.Release|x86.ActiveCfg = Release|Any CPU
		{50AD8E12-3ACA-4205-8DCB-F8EA267E055A}.Release|x86.Build.0 = Release|Any CPU
		{50AD8E12-3ACA-4205-8DCB-F8EA267E055A}.Release|x86.Deploy.0 = Release|Any CPU
		{F5BBC6F5-4ACE-40DB-814C-82792A45DC17}.Debug|Any CPU.ActiveCfg = Debug|iPhoneSimulator
		{F5BBC6F5-4ACE-40DB-814C-82792A45DC17}.Debug|Any CPU.Build.0 = Debug|iPhoneSimulator
		{F5BBC6F5-4ACE-40DB-814C-82792A45DC17}.Debug|Any CPU.Deploy.0 = Debug|iPhoneSimulator
		{F5BBC6F5-4ACE-40DB-814C-82792A45DC17}.Debug|ARM.ActiveCfg = Debug|iPhone
		{F5BBC6F5-4ACE-40DB-814C-82792A45DC17}.Debug|ARM.Build.0 = Debug|iPhone
		{F5BBC6F5-4ACE-40DB-814C-82792A45DC17}.Debug|ARM.Deploy.0 = Debug|iPhone
		{F5BBC6F5-4ACE-40DB-814C-82792A45DC17}.Debug|iPhone.ActiveCfg = Debug|iPhone
		{F5BBC6F5-4ACE-40DB-814C-82792A45DC17}.Debug|iPhone.Build.0 = Debug|iPhone
		{F5BBC6F5-4ACE-40DB-814C-82792A45DC17}.Debug|iPhone.Deploy.0 = Debug|iPhone
		{F5BBC6F5-4ACE-40DB-814C-82792A45DC17}.Debug|iPhoneSimulator.ActiveCfg = Debug|iPhoneSimulator
		{F5BBC6F5-4ACE-40DB-814C-82792A45DC17}.Debug|iPhoneSimulator.Build.0 = Debug|iPhoneSimulator
		{F5BBC6F5-4ACE-40DB-814C-82792A45DC17}.Debug|iPhoneSimulator.Deploy.0 = Debug|iPhoneSimulator
		{F5BBC6F5-4ACE-40DB-814C-82792A45DC17}.Debug|x64.ActiveCfg = Debug|iPhoneSimulator
		{F5BBC6F5-4ACE-40DB-814C-82792A45DC17}.Debug|x64.Build.0 = Debug|iPhoneSimulator
		{F5BBC6F5-4ACE-40DB-814C-82792A45DC17}.Debug|x64.Deploy.0 = Debug|iPhoneSimulator
		{F5BBC6F5-4ACE-40DB-814C-82792A45DC17}.Debug|x86.ActiveCfg = Debug|iPhoneSimulator
		{F5BBC6F5-4ACE-40DB-814C-82792A45DC17}.Debug|x86.Build.0 = Debug|iPhoneSimulator
		{F5BBC6F5-4ACE-40DB-814C-82792A45DC17}.Debug|x86.Deploy.0 = Debug|iPhoneSimulator
		{F5BBC6F5-4ACE-40DB-814C-82792A45DC17}.Release|Any CPU.ActiveCfg = Release|iPhoneSimulator
		{F5BBC6F5-4ACE-40DB-814C-82792A45DC17}.Release|Any CPU.Build.0 = Release|iPhoneSimulator
		{F5BBC6F5-4ACE-40DB-814C-82792A45DC17}.Release|Any CPU.Deploy.0 = Release|iPhoneSimulator
		{F5BBC6F5-4ACE-40DB-814C-82792A45DC17}.Release|ARM.ActiveCfg = Release|iPhoneSimulator
		{F5BBC6F5-4ACE-40DB-814C-82792A45DC17}.Release|ARM.Build.0 = Release|iPhoneSimulator
		{F5BBC6F5-4ACE-40DB-814C-82792A45DC17}.Release|ARM.Deploy.0 = Release|iPhoneSimulator
		{F5BBC6F5-4ACE-40DB-814C-82792A45DC17}.Release|iPhone.ActiveCfg = Release|iPhone
		{F5BBC6F5-4ACE-40DB-814C-82792A45DC17}.Release|iPhone.Build.0 = Release|iPhone
		{F5BBC6F5-4ACE-40DB-814C-82792A45DC17}.Release|iPhone.Deploy.0 = Release|iPhone
		{F5BBC6F5-4ACE-40DB-814C-82792A45DC17}.Release|iPhoneSimulator.ActiveCfg = Release|iPhoneSimulator
		{F5BBC6F5-4ACE-40DB-814C-82792A45DC17}.Release|iPhoneSimulator.Build.0 = Release|iPhoneSimulator
		{F5BBC6F5-4ACE-40DB-814C-82792A45DC17}.Release|iPhoneSimulator.Deploy.0 = Release|iPhoneSimulator
		{F5BBC6F5-4ACE-40DB-814C-82792A45DC17}.Release|x64.ActiveCfg = Release|iPhoneSimulator
		{F5BBC6F5-4ACE-40DB-814C-82792A45DC17}.Release|x64.Build.0 = Release|iPhoneSimulator
		{F5BBC6F5-4ACE-40DB-814C-82792A45DC17}.Release|x64.Deploy.0 = Release|iPhoneSimulator
		{F5BBC6F5-4ACE-40DB-814C-82792A45DC17}.Release|x86.ActiveCfg = Release|iPhoneSimulator
		{F5BBC6F5-4ACE-40DB-814C-82792A45DC17}.Release|x86.Build.0 = Release|iPhoneSimulator
		{F5BBC6F5-4ACE-40DB-814C-82792A45DC17}.Release|x86.Deploy.0 = Release|iPhoneSimulator
		{CE301D9F-0BF5-4EE7-BFA6-CE7284BA7FEB}.Debug|Any CPU.ActiveCfg = Debug|Any CPU
		{CE301D9F-0BF5-4EE7-BFA6-CE7284BA7FEB}.Debug|Any CPU.Build.0 = Debug|Any CPU
		{CE301D9F-0BF5-4EE7-BFA6-CE7284BA7FEB}.Debug|Any CPU.Deploy.0 = Debug|Any CPU
		{CE301D9F-0BF5-4EE7-BFA6-CE7284BA7FEB}.Debug|ARM.ActiveCfg = Debug|Any CPU
		{CE301D9F-0BF5-4EE7-BFA6-CE7284BA7FEB}.Debug|ARM.Build.0 = Debug|Any CPU
		{CE301D9F-0BF5-4EE7-BFA6-CE7284BA7FEB}.Debug|ARM.Deploy.0 = Debug|Any CPU
		{CE301D9F-0BF5-4EE7-BFA6-CE7284BA7FEB}.Debug|iPhone.ActiveCfg = Debug|Any CPU
		{CE301D9F-0BF5-4EE7-BFA6-CE7284BA7FEB}.Debug|iPhone.Build.0 = Debug|Any CPU
		{CE301D9F-0BF5-4EE7-BFA6-CE7284BA7FEB}.Debug|iPhone.Deploy.0 = Debug|Any CPU
		{CE301D9F-0BF5-4EE7-BFA6-CE7284BA7FEB}.Debug|iPhoneSimulator.ActiveCfg = Debug|Any CPU
		{CE301D9F-0BF5-4EE7-BFA6-CE7284BA7FEB}.Debug|iPhoneSimulator.Build.0 = Debug|Any CPU
		{CE301D9F-0BF5-4EE7-BFA6-CE7284BA7FEB}.Debug|iPhoneSimulator.Deploy.0 = Debug|Any CPU
		{CE301D9F-0BF5-4EE7-BFA6-CE7284BA7FEB}.Debug|x64.ActiveCfg = Debug|Any CPU
		{CE301D9F-0BF5-4EE7-BFA6-CE7284BA7FEB}.Debug|x64.Build.0 = Debug|Any CPU
		{CE301D9F-0BF5-4EE7-BFA6-CE7284BA7FEB}.Debug|x64.Deploy.0 = Debug|Any CPU
		{CE301D9F-0BF5-4EE7-BFA6-CE7284BA7FEB}.Debug|x86.ActiveCfg = Debug|Any CPU
		{CE301D9F-0BF5-4EE7-BFA6-CE7284BA7FEB}.Debug|x86.Build.0 = Debug|Any CPU
		{CE301D9F-0BF5-4EE7-BFA6-CE7284BA7FEB}.Debug|x86.Deploy.0 = Debug|Any CPU
		{CE301D9F-0BF5-4EE7-BFA6-CE7284BA7FEB}.Release|Any CPU.ActiveCfg = Release|Any CPU
		{CE301D9F-0BF5-4EE7-BFA6-CE7284BA7FEB}.Release|Any CPU.Build.0 = Release|Any CPU
		{CE301D9F-0BF5-4EE7-BFA6-CE7284BA7FEB}.Release|Any CPU.Deploy.0 = Release|Any CPU
		{CE301D9F-0BF5-4EE7-BFA6-CE7284BA7FEB}.Release|ARM.ActiveCfg = Release|Any CPU
		{CE301D9F-0BF5-4EE7-BFA6-CE7284BA7FEB}.Release|ARM.Build.0 = Release|Any CPU
		{CE301D9F-0BF5-4EE7-BFA6-CE7284BA7FEB}.Release|ARM.Deploy.0 = Release|Any CPU
		{CE301D9F-0BF5-4EE7-BFA6-CE7284BA7FEB}.Release|iPhone.ActiveCfg = Release|Any CPU
		{CE301D9F-0BF5-4EE7-BFA6-CE7284BA7FEB}.Release|iPhone.Build.0 = Release|Any CPU
		{CE301D9F-0BF5-4EE7-BFA6-CE7284BA7FEB}.Release|iPhone.Deploy.0 = Release|Any CPU
		{CE301D9F-0BF5-4EE7-BFA6-CE7284BA7FEB}.Release|iPhoneSimulator.ActiveCfg = Release|Any CPU
		{CE301D9F-0BF5-4EE7-BFA6-CE7284BA7FEB}.Release|iPhoneSimulator.Build.0 = Release|Any CPU
		{CE301D9F-0BF5-4EE7-BFA6-CE7284BA7FEB}.Release|iPhoneSimulator.Deploy.0 = Release|Any CPU
		{CE301D9F-0BF5-4EE7-BFA6-CE7284BA7FEB}.Release|x64.ActiveCfg = Release|Any CPU
		{CE301D9F-0BF5-4EE7-BFA6-CE7284BA7FEB}.Release|x64.Build.0 = Release|Any CPU
		{CE301D9F-0BF5-4EE7-BFA6-CE7284BA7FEB}.Release|x64.Deploy.0 = Release|Any CPU
		{CE301D9F-0BF5-4EE7-BFA6-CE7284BA7FEB}.Release|x86.ActiveCfg = Release|Any CPU
		{CE301D9F-0BF5-4EE7-BFA6-CE7284BA7FEB}.Release|x86.Build.0 = Release|Any CPU
		{CE301D9F-0BF5-4EE7-BFA6-CE7284BA7FEB}.Release|x86.Deploy.0 = Release|Any CPU
	EndGlobalSection
	GlobalSection(SolutionProperties) = preSolution
		HideSolutionNode = FALSE
	EndGlobalSection
	GlobalSection(ExtensibilityGlobals) = postSolution
		SolutionGuid = {29D1191F-AFE4-453B-AADF-2F1C5A613A5A}
	EndGlobalSection
EndGlobal
